// !$*UTF8*$!
{
	archiveVersion = 1;
	classes = {
	};
	objectVersion = 46;
	objects = {

/* Begin PBXBuildFile section */
		19AE6CC91BF8885700DE3B85 /* main.m in Sources */ = {isa = PBXBuildFile; fileRef = 19AE6CC81BF8885700DE3B85 /* main.m */; };
		19AE6CCC1BF8885700DE3B85 /* AppDelegate.m in Sources */ = {isa = PBXBuildFile; fileRef = 19AE6CCB1BF8885700DE3B85 /* AppDelegate.m */; };
		19AE6CD21BF8885700DE3B85 /* Main.storyboard in Resources */ = {isa = PBXBuildFile; fileRef = 19AE6CD01BF8885700DE3B85 /* Main.storyboard */; };
		19AE6CD41BF8885700DE3B85 /* Assets.xcassets in Resources */ = {isa = PBXBuildFile; fileRef = 19AE6CD31BF8885700DE3B85 /* Assets.xcassets */; };
		19AE6CD71BF8885700DE3B85 /* LaunchScreen.storyboard in Resources */ = {isa = PBXBuildFile; fileRef = 19AE6CD51BF8885700DE3B85 /* LaunchScreen.storyboard */; };
		19AE6CE01BF8888200DE3B85 /* TableViewController.m in Sources */ = {isa = PBXBuildFile; fileRef = 19AE6CDF1BF8888200DE3B85 /* TableViewController.m */; };
		19AE6CE71BF888C000DE3B85 /* ImageRecord.m in Sources */ = {isa = PBXBuildFile; fileRef = 19AE6CE61BF888C000DE3B85 /* ImageRecord.m */; };
		19AE6CE91BF8893E00DE3B85 /* images.png in Resources */ = {isa = PBXBuildFile; fileRef = 19AE6CE81BF8893E00DE3B85 /* images.png */; };
/* End PBXBuildFile section */

/* Begin PBXFileReference section */
		19AE6CC41BF8885700DE3B85 /* FetchImage.app */ = {isa = PBXFileReference; explicitFileType = wrapper.application; includeInIndex = 0; path = FetchImage.app; sourceTree = BUILT_PRODUCTS_DIR; };
		19AE6CC81BF8885700DE3B85 /* main.m */ = {isa = PBXFileReference; lastKnownFileType = sourcecode.c.objc; path = main.m; sourceTree = "<group>"; };
		19AE6CCA1BF8885700DE3B85 /* AppDelegate.h */ = {isa = PBXFileReference; lastKnownFileType = sourcecode.c.h; path = AppDelegate.h; sourceTree = "<group>"; };
		19AE6CCB1BF8885700DE3B85 /* AppDelegate.m */ = {isa = PBXFileReference; lastKnownFileType = sourcecode.c.objc; path = AppDelegate.m; sourceTree = "<group>"; };
		19AE6CD11BF8885700DE3B85 /* Base */ = {isa = PBXFileReference; lastKnownFileType = file.storyboard; name = Base; path = Base.lproj/Main.storyboard; sourceTree = "<group>"; };
		19AE6CD31BF8885700DE3B85 /* Assets.xcassets */ = {isa = PBXFileReference; lastKnownFileType = folder.assetcatalog; path = Assets.xcassets; sourceTree = "<group>"; };
		19AE6CD61BF8885700DE3B85 /* Base */ = {isa = PBXFileReference; lastKnownFileType = file.storyboard; name = Base; path = Base.lproj/LaunchScreen.storyboard; sourceTree = "<group>"; };
		19AE6CD81BF8885700DE3B85 /* Info.plist */ = {isa = PBXFileReference; lastKnownFileType = text.plist.xml; path = Info.plist; sourceTree = "<group>"; };
		19AE6CDE1BF8888200DE3B85 /* TableViewController.h */ = {isa = PBXFileReference; fileEncoding = 4; lastKnownFileType = sourcecode.c.h; name = TableViewController.h; path = ../TableViewController.h; sourceTree = "<group>"; };
		19AE6CDF1BF8888200DE3B85 /* TableViewController.m */ = {isa = PBXFileReference; fileEncoding = 4; lastKnownFileType = sourcecode.c.objc; name = TableViewController.m; path = ../TableViewController.m; sourceTree = "<group>"; };
		19AE6CE51BF888C000DE3B85 /* ImageRecord.h */ = {isa = PBXFileReference; fileEncoding = 4; lastKnownFileType = sourcecode.c.h; path = ImageRecord.h; sourceTree = "<group>"; };
		19AE6CE61BF888C000DE3B85 /* ImageRecord.m */ = {isa = PBXFileReference; fileEncoding = 4; lastKnownFileType = sourcecode.c.objc; path = ImageRecord.m; sourceTree = "<group>"; };
		19AE6CE81BF8893E00DE3B85 /* images.png */ = {isa = PBXFileReference; lastKnownFileType = image.png; path = images.png; sourceTree = SOURCE_ROOT; };
/* End PBXFileReference section */

/* Begin PBXFrameworksBuildPhase section */
		19AE6CC11BF8885700DE3B85 /* Frameworks */ = {
			isa = PBXFrameworksBuildPhase;
			buildActionMask = 2147483647;
			files = (
			);
			runOnlyForDeploymentPostprocessing = 0;
		};
/* End PBXFrameworksBuildPhase section */

/* Begin PBXGroup section */
		19AE6CBB1BF8885700DE3B85 = {
			isa = PBXGroup;
			children = (
				19AE6CC61BF8885700DE3B85 /* FetchImage */,
				19AE6CC51BF8885700DE3B85 /* Products */,
			);
			sourceTree = "<group>";
		};
		19AE6CC51BF8885700DE3B85 /* Products */ = {
			isa = PBXGroup;
			children = (
				19AE6CC41BF8885700DE3B85 /* FetchImage.app */,
			);
			name = Products;
			sourceTree = "<group>";
		};
		19AE6CC61BF8885700DE3B85 /* FetchImage */ = {
			isa = PBXGroup;
			children = (
				19AE6CE81BF8893E00DE3B85 /* images.png */,
				19AE6CDE1BF8888200DE3B85 /* TableViewController.h */,
				19AE6CDF1BF8888200DE3B85 /* TableViewController.m */,
				19AE6CCA1BF8885700DE3B85 /* AppDelegate.h */,
				19AE6CCB1BF8885700DE3B85 /* AppDelegate.m */,
				19AE6CD01BF8885700DE3B85 /* Main.storyboard */,
				19AE6CD31BF8885700DE3B85 /* Assets.xcassets */,
				19AE6CD51BF8885700DE3B85 /* LaunchScreen.storyboard */,
				19AE6CD81BF8885700DE3B85 /* Info.plist */,
				19AE6CC71BF8885700DE3B85 /* Supporting Files */,
				19AE6CE51BF888C000DE3B85 /* ImageRecord.h */,
				19AE6CE61BF888C000DE3B85 /* ImageRecord.m */,
			);
			path = FetchImage;
			sourceTree = "<group>";
		};
		19AE6CC71BF8885700DE3B85 /* Supporting Files */ = {
			isa = PBXGroup;
			children = (
				19AE6CC81BF8885700DE3B85 /* main.m */,
			);
			name = "Supporting Files";
			sourceTree = "<group>";
		};
/* End PBXGroup section */

/* Begin PBXNativeTarget section */
		19AE6CC31BF8885700DE3B85 /* FetchImage */ = {
			isa = PBXNativeTarget;
			buildConfigurationList = 19AE6CDB1BF8885700DE3B85 /* Build configuration list for PBXNativeTarget "FetchImage" */;
			buildPhases = (
				19AE6CC01BF8885700DE3B85 /* Sources */,
				19AE6CC11BF8885700DE3B85 /* Frameworks */,
				19AE6CC21BF8885700DE3B85 /* Resources */,
			);
			buildRules = (
			);
			dependencies = (
			);
			name = FetchImage;
			productName = FetchImage;
			productReference = 19AE6CC41BF8885700DE3B85 /* FetchImage.app */;
			productType = "com.apple.product-type.application";
		};
/* End PBXNativeTarget section */

/* Begin PBXProject section */
		19AE6CBC1BF8885700DE3B85 /* Project object */ = {
			isa = PBXProject;
			attributes = {
				LastUpgradeCheck = 0710;
				ORGANIZATIONNAME = Kokpheng;
				TargetAttributes = {
					19AE6CC31BF8885700DE3B85 = {
						CreatedOnToolsVersion = 7.1;
					};
				};
			};
			buildConfigurationList = 19AE6CBF1BF8885700DE3B85 /* Build configuration list for PBXProject "FetchImage" */;
			compatibilityVersion = "Xcode 3.2";
			developmentRegion = English;
			hasScannedForEncodings = 0;
			knownRegions = (
				en,
				Base,
			);
			mainGroup = 19AE6CBB1BF8885700DE3B85;
			productRefGroup = 19AE6CC51BF8885700DE3B85 /* Products */;
			projectDirPath = "";
			projectRoot = "";
			targets = (
				19AE6CC31BF8885700DE3B85 /* FetchImage */,
			);
		};
/* End PBXProject section */

/* Begin PBXResourcesBuildPhase section */
		19AE6CC21BF8885700DE3B85 /* Resources */ = {
			isa = PBXResourcesBuildPhase;
			buildActionMask = 2147483647;
			files = (
				19AE6CD71BF8885700DE3B85 /* LaunchScreen.storyboard in Resources */,
				19AE6CD41BF8885700DE3B85 /* Assets.xcassets in Resources */,
				19AE6CD21BF8885700DE3B85 /* Main.storyboard in Resources */,
				19AE6CE91BF8893E00DE3B85 /* images.png in Resources */,
			);
			runOnlyForDeploymentPostprocessing = 0;
		};
/* End PBXResourcesBuildPhase section */

/* Begin PBXSourcesBuildPhase section */
		19AE6CC01BF8885700DE3B85 /* Sources */ = {
			isa = PBXSourcesBuildPhase;
			buildActionMask = 2147483647;
			files = (
				19AE6CE71BF888C000DE3B85 /* ImageRecord.m in Sources */,
				19AE6CCC1BF8885700DE3B85 /* AppDelegate.m in Sources */,
				19AE6CE01BF8888200DE3B85 /* TableViewController.m in Sources */,
				19AE6CC91BF8885700DE3B85 /* main.m in Sources */,
			);
			runOnlyForDeploymentPostprocessing = 0;
		};
/* End PBXSourcesBuildPhase section */

/* Begin PBXVariantGroup section */
		19AE6CD01BF8885700DE3B85 /* Main.storyboard */ = {
			isa = PBXVariantGroup;
			children = (
				19AE6CD11BF8885700DE3B85 /* Base */,
			);
			name = Main.storyboard;
			sourceTree = "<group>";
		};
		19AE6CD51BF8885700DE3B85 /* LaunchScreen.storyboard */ = {
			isa = PBXVariantGroup;
			children = (
				19AE6CD61BF8885700DE3B85 /* Base */,
			);
			name = LaunchScreen.storyboard;
			sourceTree = "<group>";
		};
/* End PBXVariantGroup section */

/* Begin XCBuildConfiguration section */
		19AE6CD91BF8885700DE3B85 /* Debug */ = {
			isa = XCBuildConfiguration;
			buildSettings = {
				ALWAYS_SEARCH_USER_PATHS = NO;
				CLANG_CXX_LANGUAGE_STANDARD = "gnu++0x";
				CLANG_CXX_LIBRARY = "libc++";
				CLANG_ENABLE_MODULES = YES;
				CLANG_ENABLE_OBJC_ARC = YES;
				CLANG_WARN_BOOL_CONVERSION = YES;
				CLANG_WARN_CONSTANT_CONVERSION = YES;
				CLANG_WARN_DIRECT_OBJC_ISA_USAGE = YES_ERROR;
				CLANG_WARN_EMPTY_BODY = YES;
				CLANG_WARN_ENUM_CONVERSION = YES;
				CLANG_WARN_INT_CONVERSION = YES;
				CLANG_WARN_OBJC_ROOT_CLASS = YES_ERROR;
				CLANG_WARN_UNREACHABLE_CODE = YES;
				CLANG_WARN__DUPLICATE_METHOD_MATCH = YES;
				"CODE_SIGN_IDENTITY[sdk=iphoneos*]" = "iPhone Developer";
				COPY_PHASE_STRIP = NO;
				DEBUG_INFORMATION_FORMAT = dwarf;
				ENABLE_STRICT_OBJC_MSGSEND = YES;
				ENABLE_TESTABILITY = YES;
				GCC_C_LANGUAGE_STANDARD = gnu99;
				GCC_DYNAMIC_NO_PIC = NO;
				GCC_NO_COMMON_BLOCKS = YES;
				GCC_OPTIMIZATION_LEVEL = 0;
				GCC_PREPROCESSOR_DEFINITIONS = (
					"DEBUG=1",
					"$(inherited)",
				);
				GCC_WARN_64_TO_32_BIT_CONVERSION = YES;
				GCC_WARN_ABOUT_RETURN_TYPE = YES_ERROR;
				GCC_WARN_UNDECLARED_SELECTOR = YES;
				GCC_WARN_UNINITIALIZED_AUTOS = YES_AGGRESSIVE;
				GCC_WARN_UNUSED_FUNCTION = YES;
				GCC_WARN_UNUSED_VARIABLE = YES;
				IPHONEOS_DEPLOYMENT_TARGET = 9.1;
				MTL_ENABLE_DEBUG_INFO = YES;
				ONLY_ACTIVE_ARCH = YES;
				SDKROOT = iphoneos;
			};
			name = Debug;
		};
		19AE6CDA1BF8885700DE3B85 /* Release */ = {
			isa = XCBuildConfiguration;
			buildSettings = {
				ALWAYS_SEARCH_USER_PATHS = NO;
				CLANG_CXX_LANGUAGE_STANDARD = "gnu++0x";
				CLANG_CXX_LIBRARY = "libc++";
				CLANG_ENABLE_MODULES = YES;
				CLANG_ENABLE_OBJC_ARC = YES;
				CLANG_WARN_BOOL_CONVERSION = YES;
				CLANG_WARN_CONSTANT_CONVERSION = YES;
				CLANG_WARN_DIRECT_OBJC_ISA_USAGE = YES_ERROR;
				CLANG_WARN_EMPTY_BODY = YES;
				CLANG_WARN_ENUM_CONVERSION = YES;
				CLANG_WARN_INT_CONVERSION = YES;
				CLANG_WARN_OBJC_ROOT_CLASS = YES_ERROR;
				CLANG_WARN_UNREACHABLE_CODE = YES;
				CLANG_WARN__DUPLICATE_METHOD_MATCH = YES;
				"CODE_SIGN_IDENTITY[sdk=iphoneos*]" = "iPhone Developer";
				COPY_PHASE_STRIP = NO;
				DEBUG_INFORMATION_FORMAT = "dwarf-with-dsym";
				ENABLE_NS_ASSERTIONS = NO;
				ENABLE_STRICT_OBJC_MSGSEND = YES;
				GCC_C_LANGUAGE_STANDARD = gnu99;
				GCC_NO_COMMON_BLOCKS = YES;
				GCC_WARN_64_TO_32_BIT_CONVERSION = YES;
				GCC_WARN_ABOUT_RETURN_TYPE = YES_ERROR;
				GCC_WARN_UNDECLARED_SELECTOR = YES;
				GCC_WARN_UNINITIALIZED_AUTOS = YES_AGGRESSIVE;
				GCC_WARN_UNUSED_FUNCTION = YES;
				GCC_WARN_UNUSED_VARIABLE = YES;
				IPHONEOS_DEPLOYMENT_TARGET = 9.1;
				MTL_ENABLE_DEBUG_INFO = NO;
				SDKROOT = iphoneos;
				VALIDATE_PRODUCT = YES;
			};
			name = Release;
		};
		19AE6CDC1BF8885700DE3B85 /* Debug */ = {
			isa = XCBuildConfiguration;
			buildSettings = {
				ASSETCATALOG_COMPILER_APPICON_NAME = AppIcon;
				INFOPLIST_FILE = FetchImage/Info.plist;
				LD_RUNPATH_SEARCH_PATHS = "$(inherited) @executable_path/Frameworks";
				PRODUCT_BUNDLE_IDENTIFIER = com.pheng.app.FetchImage;
				PRODUCT_NAME = "$(TARGET_NAME)";
			};
			name = Debug;
		};
		19AE6CDD1BF8885700DE3B85 /* Release */ = {
			isa = XCBuildConfiguration;
			buildSettings = {
				ASSETCATALOG_COMPILER_APPICON_NAME = AppIcon;
				INFOPLIST_FILE = FetchImage/Info.plist;
				LD_RUNPATH_SEARCH_PATHS = "$(inherited) @executable_path/Frameworks";
				PRODUCT_BUNDLE_IDENTIFIER = com.pheng.app.FetchImage;
				PRODUCT_NAME = "$(TARGET_NAME)";
			};
			name = Release;
		};
/* End XCBuildConfiguration section */

/* Begin XCConfigurationList section */
		19AE6CBF1BF8885700DE3B85 /* Build configuration list for PBXProject "FetchImage" */ = {
			isa = XCConfigurationList;
			buildConfigurations = (
				19AE6CD91BF8885700DE3B85 /* Debug */,
				19AE6CDA1BF8885700DE3B85 /* Release */,
			);
			defaultConfigurationIsVisible = 0;
			defaultConfigurationName = Release;
		};
		19AE6CDB1BF8885700DE3B85 /* Build configuration list for PBXNativeTarget "FetchImage" */ = {
			isa = XCConfigurationList;
			buildConfigurations = (
				19AE6CDC1BF8885700DE3B85 /* Debug */,
				19AE6CDD1BF8885700DE3B85 /* Release */,
			);
			defaultConfigurationIsVisible = 0;
			defaultConfigurationName = Release;
		};
/* End XCConfigurationList section */
	};
	rootObject = 19AE6CBC1BF8885700DE3B85 /* Project object */;
}
